// !$*UTF8*$!
{
	archiveVersion = 1;
	classes = {
	};
	objectVersion = 77;
	objects = {

/* Begin PBXBuildFile section */
		935BCF04301C295E00759D5B /* SpeedActivityAttributes.swift in Sources */ = {isa = PBXBuildFile; fileRef = 935BCF03301C295E00759D5B /* SpeedActivityAttributes.swift */; };
		935BCF06301C296F00759D5B /* SpeedLiveActivityController.swift in Sources */ = {isa = PBXBuildFile; fileRef = 935BCF05301C296F00759D5B /* SpeedLiveActivityController.swift */; };
		935BCF0E301C2A0400759D5B /* WidgetKit.framework in Frameworks */ = {isa = PBXBuildFile; fileRef = 935BCF0D301C2A0400759D5B /* WidgetKit.framework */; };
		935BCF10301C2A0400759D5B /* SwiftUI.framework in Frameworks */ = {isa = PBXBuildFile; fileRef = 935BCF0F301C2A0400759D5B /* SwiftUI.framework */; };
		935BCF21301C2A0600759D5B /* speedvolumeLiveActivityExtension.appex in Embed Foundation Extensions */ = {isa = PBXBuildFile; fileRef = 935BCF0B301C2A0400759D5B /* speedvolumeLiveActivityExtension.appex */; settings = {ATTRIBUTES = (RemoveHeadersOnCopy, ); }; };
/* End PBXBuildFile section */

/* Begin PBXContainerItemProxy section */
		930147E7300850C9001299AE /* PBXContainerItemProxy */ = {
			isa = PBXContainerItemProxy;
			containerPortal = 930147CF300850C7001299AE /* Project object */;
			proxyType = 1;
			remoteGlobalIDString = 930147D6300850C7001299AE;
			remoteInfo = speedvolume;
		};
		930147F1300850C9001299AE /* PBXContainerItemProxy */ = {
			isa = PBXContainerItemProxy;
			containerPortal = 930147CF300850C7001299AE /* Project object */;
			proxyType = 1;
			remoteGlobalIDString = 930147D6300850C7001299AE;
			remoteInfo = speedvolume;
		};
		935BCF1F301C2A0600759D5B /* PBXContainerItemProxy */ = {
			isa = PBXContainerItemProxy;
			containerPortal = 930147CF300850C7001299AE /* Project object */;
			proxyType = 1;
			remoteGlobalIDString = 935BCF0A301C2A0400759D5B;
			remoteInfo = speedvolumeLiveActivityExtension;
		};
/* End PBXContainerItemProxy section */

/* Begin PBXCopyFilesBuildPhase section */
		935BCF26301C2A0600759D5B /* Embed Foundation Extensions */ = {
			isa = PBXCopyFilesBuildPhase;
			buildActionMask = 2147483647;
			dstPath = "";
			dstSubfolderSpec = 13;
			files = (
				935BCF21301C2A0600759D5B /* speedvolumeLiveActivityExtension.appex in Embed Foundation Extensions */,
			);
			name = "Embed Foundation Extensions";
			runOnlyForDeploymentPostprocessing = 0;
		};
/* End PBXCopyFilesBuildPhase section */

/* Begin PBXFileReference section */
		930147D7300850C7001299AE /* speedvolume.app */ = {isa = PBXFileReference; explicitFileType = wrapper.application; includeInIndex = 0; path = speedvolume.app; sourceTree = BUILT_PRODUCTS_DIR; };
		930147E6300850C9001299AE /* speedvolumeTests.xctest */ = {isa = PBXFileReference; explicitFileType = wrapper.cfbundle; includeInIndex = 0; path = speedvolumeTests.xctest; sourceTree = BUILT_PRODUCTS_DIR; };
		930147F0300850C9001299AE /* speedvolumeUITests.xctest */ = {isa = PBXFileReference; explicitFileType = wrapper.cfbundle; includeInIndex = 0; path = speedvolumeUITests.xctest; sourceTree = BUILT_PRODUCTS_DIR; };
		935BCF03301C295E00759D5B /* SpeedActivityAttributes.swift */ = {isa = PBXFileReference; lastKnownFileType = sourcecode.swift; path = SpeedActivityAttributes.swift; sourceTree = "<group>"; };
		935BCF05301C296F00759D5B /* SpeedLiveActivityController.swift */ = {isa = PBXFileReference; lastKnownFileType = sourcecode.swift; path = SpeedLiveActivityController.swift; sourceTree = "<group>"; };
		935BCF0B301C2A0400759D5B /* speedvolumeLiveActivityExtension.appex */ = {isa = PBXFileReference; explicitFileType = "wrapper.app-extension"; includeInIndex = 0; path = speedvolumeLiveActivityExtension.appex; sourceTree = BUILT_PRODUCTS_DIR; };
		935BCF0D301C2A0400759D5B /* WidgetKit.framework */ = {isa = PBXFileReference; lastKnownFileType = wrapper.framework; name = WidgetKit.framework; path = System/Library/Frameworks/WidgetKit.framework; sourceTree = SDKROOT; };
		935BCF0F301C2A0400759D5B /* SwiftUI.framework */ = {isa = PBXFileReference; lastKnownFileType = wrapper.framework; name = SwiftUI.framework; path = System/Library/Frameworks/SwiftUI.framework; sourceTree = SDKROOT; };
/* End PBXFileReference section */

/* Begin PBXFileSystemSynchronizedBuildFileExceptionSet section */
		935BCF25301C2A0600759D5B /* Exceptions for "speedvolumeLiveActivity" folder in "speedvolumeLiveActivityExtension" target */ = {
			isa = PBXFileSystemSynchronizedBuildFileExceptionSet;
			membershipExceptions = (
				Info.plist,
			);
			target = 935BCF0A301C2A0400759D5B /* speedvolumeLiveActivityExtension */;
		};
		B47A0C4037A14EC18D5A6F21 /* Exceptions for "speedvolume" folder in "speedvolume" target */ = {
			isa = PBXFileSystemSynchronizedBuildFileExceptionSet;
			membershipExceptions = (
				Info.plist,
			);
			target = 930147D6300850C7001299AE /* speedvolume */;
		};
/* End PBXFileSystemSynchronizedBuildFileExceptionSet section */

/* Begin PBXFileSystemSynchronizedRootGroup section */
		930147D9300850C7001299AE /* speedvolume */ = {
			isa = PBXFileSystemSynchronizedRootGroup;
			exceptions = (
				B47A0C4037A14EC18D5A6F21 /* Exceptions for "speedvolume" folder in "speedvolume" target */,
			);
			path = speedvolume;
			sourceTree = "<group>";
		};
		930147E9300850C9001299AE /* speedvolumeTests */ = {
			isa = PBXFileSystemSynchronizedRootGroup;
			path = speedvolumeTests;
			sourceTree = "<group>";
		};
		930147F3300850C9001299AE /* speedvolumeUITests */ = {
			isa = PBXFileSystemSynchronizedRootGroup;
			path = speedvolumeUITests;
			sourceTree = "<group>";
		};
		935BCF11301C2A0400759D5B /* speedvolumeLiveActivity */ = {
			isa = PBXFileSystemSynchronizedRootGroup;
			exceptions = (
				935BCF25301C2A0600759D5B /* Exceptions for "speedvolumeLiveActivity" folder in "speedvolumeLiveActivityExtension" target */,
			);
			path = speedvolumeLiveActivity;
			sourceTree = "<group>";
		};
/* End PBXFileSystemSynchronizedRootGroup section */

/* Begin PBXFrameworksBuildPhase section */
		930147D4300850C7001299AE /* Frameworks */ = {
			isa = PBXFrameworksBuildPhase;
			buildActionMask = 2147483647;
			files = (
			);
			runOnlyForDeploymentPostprocessing = 0;
		};
		930147E3300850C9001299AE /* Frameworks */ = {
			isa = PBXFrameworksBuildPhase;
			buildActionMask = 2147483647;
			files = (
			);
			runOnlyForDeploymentPostprocessing = 0;
		};
		930147ED300850C9001299AE /* Frameworks */ = {
			isa = PBXFrameworksBuildPhase;
			buildActionMask = 2147483647;
			files = (
			);
			runOnlyForDeploymentPostprocessing = 0;
		};
		935BCF08301C2A0400759D5B /* Frameworks */ = {
			isa = PBXFrameworksBuildPhase;
			buildActionMask = 2147483647;
			files = (
				935BCF10301C2A0400759D5B /* SwiftUI.framework in Frameworks */,
				935BCF0E301C2A0400759D5B /* WidgetKit.framework in Frameworks */,
			);
			runOnlyForDeploymentPostprocessing = 0;
		};
/* End PBXFrameworksBuildPhase section */

/* Begin PBXGroup section */
		930147CE300850C7001299AE = {
			isa = PBXGroup;
			children = (
				930147D9300850C7001299AE /* speedvolume */,
				930147E9300850C9001299AE /* speedvolumeTests */,
				930147F3300850C9001299AE /* speedvolumeUITests */,
				935BCF11301C2A0400759D5B /* speedvolumeLiveActivity */,
				935BCF0C301C2A0400759D5B /* Frameworks */,
				930147D8300850C7001299AE /* Products */,
				935BCF03301C295E00759D5B /* SpeedActivityAttributes.swift */,
				935BCF05301C296F00759D5B /* SpeedLiveActivityController.swift */,
			);
			sourceTree = "<group>";
		};
		930147D8300850C7001299AE /* Products */ = {
			isa = PBXGroup;
			children = (
				930147D7300850C7001299AE /* speedvolume.app */,
				930147E6300850C9001299AE /* speedvolumeTests.xctest */,
				930147F0300850C9001299AE /* speedvolumeUITests.xctest */,
				935BCF0B301C2A0400759D5B /* speedvolumeLiveActivityExtension.appex */,
			);
			name = Products;
			sourceTree = "<group>";
		};
		935BCF0C301C2A0400759D5B /* Frameworks */ = {
			isa = PBXGroup;
			children = (
				935BCF0D301C2A0400759D5B /* WidgetKit.framework */,
				935BCF0F301C2A0400759D5B /* SwiftUI.framework */,
			);
			name = Frameworks;
			sourceTree = "<group>";
		};
/* End PBXGroup section */

/* Begin PBXNativeTarget section */
		930147D6300850C7001299AE /* speedvolume */ = {
			isa = PBXNativeTarget;
			buildConfigurationList = 930147FA300850C9001299AE /* Build configuration list for PBXNativeTarget "speedvolume" */;
			buildPhases = (
				930147D3300850C7001299AE /* Sources */,
				930147D4300850C7001299AE /* Frameworks */,
				930147D5300850C7001299AE /* Resources */,
				935BCF26301C2A0600759D5B /* Embed Foundation Extensions */,
			);
			buildRules = (
			);
			dependencies = (
				935BCF20301C2A0600759D5B /* PBXTargetDependency */,
			);
			fileSystemSynchronizedGroups = (
				930147D9300850C7001299AE /* speedvolume */,
			);
			name = speedvolume;
			packageProductDependencies = (
			);
			productName = speedvolume;
			productReference = 930147D7300850C7001299AE /* speedvolume.app */;
			productType = "com.apple.product-type.application";
		};
		930147E5300850C9001299AE /* speedvolumeTests */ = {
			isa = PBXNativeTarget;
			buildConfigurationList = 930147FD300850C9001299AE /* Build configuration list for PBXNativeTarget "speedvolumeTests" */;
			buildPhases = (
				930147E2300850C9001299AE /* Sources */,
				930147E3300850C9001299AE /* Frameworks */,
				930147E4300850C9001299AE /* Resources */,
			);
			buildRules = (
			);
			dependencies = (
				930147E8300850C9001299AE /* PBXTargetDependency */,
			);
			fileSystemSynchronizedGroups = (
				930147E9300850C9001299AE /* speedvolumeTests */,
			);
			name = speedvolumeTests;
			packageProductDependencies = (
			);
			productName = speedvolumeTests;
			productReference = 930147E6300850C9001299AE /* speedvolumeTests.xctest */;
			productType = "com.apple.product-type.bundle.unit-test";
		};
		930147EF300850C9001299AE /* speedvolumeUITests */ = {
			isa = PBXNativeTarget;
			buildConfigurationList = 93014800300850C9001299AE /* Build configuration list for PBXNativeTarget "speedvolumeUITests" */;
			buildPhases = (
				930147EC300850C9001299AE /* Sources */,
				930147ED300850C9001299AE /* Frameworks */,
				930147EE300850C9001299AE /* Resources */,
			);
			buildRules = (
			);
			dependencies = (
				930147F2300850C9001299AE /* PBXTargetDependency */,
			);
			fileSystemSynchronizedGroups = (
				930147F3300850C9001299AE /* speedvolumeUITests */,
			);
			name = speedvolumeUITests;
			packageProductDependencies = (
			);
			productName = speedvolumeUITests;
			productReference = 930147F0300850C9001299AE /* speedvolumeUITests.xctest */;
			productType = "com.apple.product-type.bundle.ui-testing";
		};
		935BCF0A301C2A0400759D5B /* speedvolumeLiveActivityExtension */ = {
			isa = PBXNativeTarget;
			buildConfigurationList = 935BCF22301C2A0600759D5B /* Build configuration list for PBXNativeTarget "speedvolumeLiveActivityExtension" */;
			buildPhases = (
				935BCF07301C2A0400759D5B /* Sources */,
				935BCF08301C2A0400759D5B /* Frameworks */,
				935BCF09301C2A0400759D5B /* Resources */,
			);
			buildRules = (
			);
			dependencies = (
			);
			fileSystemSynchronizedGroups = (
				935BCF11301C2A0400759D5B /* speedvolumeLiveActivity */,
			);
			name = speedvolumeLiveActivityExtension;
			packageProductDependencies = (
			);
			productName = speedvolumeLiveActivityExtension;
			productReference = 935BCF0B301C2A0400759D5B /* speedvolumeLiveActivityExtension.appex */;
			productType = "com.apple.product-type.app-extension";
		};
/* End PBXNativeTarget section */

/* Begin PBXProject section */
		930147CF300850C7001299AE /* Project object */ = {
			isa = PBXProject;
			attributes = {
				BuildIndependentTargetsInParallel = 1;
				LastSwiftUpdateCheck = 2660;
				LastUpgradeCheck = 2660;
				TargetAttributes = {
					930147D6300850C7001299AE = {
						CreatedOnToolsVersion = 26.6;
						SystemCapabilities = {
							com.apple.BackgroundModes = {
								enabled = 1;
							};
						};
					};
					930147E5300850C9001299AE = {
						CreatedOnToolsVersion = 26.6;
						TestTargetID = 930147D6300850C7001299AE;
					};
					930147EF300850C9001299AE = {
						CreatedOnToolsVersion = 26.6;
						TestTargetID = 930147D6300850C7001299AE;
					};
					935BCF0A301C2A0400759D5B = {
						CreatedOnToolsVersion = 26.6;
					};
				};
			};
			buildConfigurationList = 930147D2300850C7001299AE /* Build configuration list for PBXProject "speedvolume" */;
			developmentRegion = en;
			hasScannedForEncodings = 0;
			knownRegions = (
				en,
				Base,
			);
			mainGroup = 930147CE300850C7001299AE;
			minimizedProjectReferenceProxies = 1;
			preferredProjectObjectVersion = 77;
			productRefGroup = 930147D8300850C7001299AE /* Products */;
			projectDirPath = "";
			projectRoot = "";
			targets = (
				930147D6300850C7001299AE /* speedvolume */,
				930147E5300850C9001299AE /* speedvolumeTests */,
				930147EF300850C9001299AE /* speedvolumeUITests */,
				935BCF0A301C2A0400759D5B /* speedvolumeLiveActivityExtension */,
			);
		};
/* End PBXProject section */

/* Begin PBXResourcesBuildPhase section */
		930147D5300850C7001299AE /* Resources */ = {
			isa = PBXResourcesBuildPhase;
			buildActionMask = 2147483647;
			files = (
			);
			runOnlyForDeploymentPostprocessing = 0;
		};
		930147E4300850C9001299AE /* Resources */ = {
			isa = PBXResourcesBuildPhase;
			buildActionMask = 2147483647;
			files = (
			);
			runOnlyForDeploymentPostprocessing = 0;
		};
		930147EE300850C9001299AE /* Resources */ = {
			isa = PBXResourcesBuildPhase;
			buildActionMask = 2147483647;
			files = (
			);
			runOnlyForDeploymentPostprocessing = 0;
		};
		935BCF09301C2A0400759D5B /* Resources */ = {
			isa = PBXResourcesBuildPhase;
			buildActionMask = 2147483647;
			files = (
			);
			runOnlyForDeploymentPostprocessing = 0;
		};
/* End PBXResourcesBuildPhase section */

/* Begin PBXSourcesBuildPhase section */
		930147D3300850C7001299AE /* Sources */ = {
			isa = PBXSourcesBuildPhase;
			buildActionMask = 2147483647;
			files = (
				935BCF04301C295E00759D5B /* SpeedActivityAttributes.swift in Sources */,
				935BCF06301C296F00759D5B /* SpeedLiveActivityController.swift in Sources */,
			);
			runOnlyForDeploymentPostprocessing = 0;
		};
		930147E2300850C9001299AE /* Sources */ = {
			isa = PBXSourcesBuildPhase;
			buildActionMask = 2147483647;
			files = (
			);
			runOnlyForDeploymentPostprocessing = 0;
		};
		930147EC300850C9001299AE /* Sources */ = {
			isa = PBXSourcesBuildPhase;
			buildActionMask = 2147483647;
			files = (
			);
			runOnlyForDeploymentPostprocessing = 0;
		};
		935BCF07301C2A0400759D5B /* Sources */ = {
			isa = PBXSourcesBuildPhase;
			buildActionMask = 2147483647;
			files = (
			);
			runOnlyForDeploymentPostprocessing = 0;
		};
/* End PBXSourcesBuildPhase section */

/* Begin PBXTargetDependency section */
		930147E8300850C9001299AE /* PBXTargetDependency */ = {
			isa = PBXTargetDependency;
			target = 930147D6300850C7001299AE /* speedvolume */;
			targetProxy = 930147E7300850C9001299AE /* PBXContainerItemProxy */;
		};
		930147F2300850C9001299AE /* PBXTargetDependency */ = {
			isa = PBXTargetDependency;
			target = 930147D6300850C7001299AE /* speedvolume */;
			targetProxy = 930147F1300850C9001299AE /* PBXContainerItemProxy */;
		};
		935BCF20301C2A0600759D5B /* PBXTargetDependency */ = {
			isa = PBXTargetDependency;
			target = 935BCF0A301C2A0400759D5B /* speedvolumeLiveActivityExtension */;
			targetProxy = 935BCF1F301C2A0600759D5B /* PBXContainerItemProxy */;
		};
/* End PBXTargetDependency section */

/* Begin XCBuildConfiguration section */
		930147F8300850C9001299AE /* Debug */ = {
			isa = XCBuildConfiguration;
			buildSettings = {
				ALWAYS_SEARCH_USER_PATHS = NO;
				ASSETCATALOG_COMPILER_GENERATE_SWIFT_ASSET_SYMBOL_EXTENSIONS = YES;
				CLANG_ANALYZER_NONNULL = YES;
				CLANG_ANALYZER_NUMBER_OBJECT_CONVERSION = YES_AGGRESSIVE;
				CLANG_CXX_LANGUAGE_STANDARD = "gnu++20";
				CLANG_ENABLE_MODULES = YES;
				CLANG_ENABLE_OBJC_ARC = YES;
				CLANG_ENABLE_OBJC_WEAK = YES;
				CLANG_WARN_BLOCK_CAPTURE_AUTORELEASING = YES;
				CLANG_WARN_BOOL_CONVERSION = YES;
				CLANG_WARN_COMMA = YES;
				CLANG_WARN_CONSTANT_CONVERSION = YES;
				CLANG_WARN_DEPRECATED_OBJC_IMPLEMENTATIONS = YES;
				CLANG_WARN_DIRECT_OBJC_ISA_USAGE = YES_ERROR;
				CLANG_WARN_DOCUMENTATION_COMMENTS = YES;
				CLANG_WARN_EMPTY_BODY = YES;
				CLANG_WARN_ENUM_CONVERSION = YES;
				CLANG_WARN_INFINITE_RECURSION = YES;
				CLANG_WARN_INT_CONVERSION = YES;
				CLANG_WARN_NON_LITERAL_NULL_CONVERSION = YES;
				CLANG_WARN_OBJC_IMPLICIT_RETAIN_SELF = YES;
				CLANG_WARN_OBJC_LITERAL_CONVERSION = YES;
				CLANG_WARN_OBJC_ROOT_CLASS = YES_ERROR;
				CLANG_WARN_QUOTED_INCLUDE_IN_FRAMEWORK_HEADER = YES;
				CLANG_WARN_RANGE_LOOP_ANALYSIS = YES;
				CLANG_WARN_STRICT_PROTOTYPES = YES;
				CLANG_WARN_SUSPICIOUS_MOVE = YES;
				CLANG_WARN_UNGUARDED_AVAILABILITY = YES_AGGRESSIVE;
				CLANG_WARN_UNREACHABLE_CODE = YES;
				CLANG_WARN__DUPLICATE_METHOD_MATCH = YES;
				COPY_PHASE_STRIP = NO;
				DEBUG_INFORMATION_FORMAT = dwarf;
				ENABLE_STRICT_OBJC_MSGSEND = YES;
				ENABLE_TESTABILITY = YES;
				ENABLE_USER_SCRIPT_SANDBOXING = YES;
				GCC_C_LANGUAGE_STANDARD = gnu17;
				GCC_DYNAMIC_NO_PIC = NO;
				GCC_NO_COMMON_BLOCKS = YES;
				GCC_OPTIMIZATION_LEVEL = 0;
				GCC_PREPROCESSOR_DEFINITIONS = (
					"DEBUG=1",
					"$(inherited)",
				);
				GCC_WARN_64_TO_32_BIT_CONVERSION = YES;
				GCC_WARN_ABOUT_RETURN_TYPE = YES_ERROR;
				GCC_WARN_UNDECLARED_SELECTOR = YES;
				GCC_WARN_UNINITIALIZED_AUTOS = YES_AGGRESSIVE;
				GCC_WARN_UNUSED_FUNCTION = YES;
				GCC_WARN_UNUSED_VARIABLE = YES;
				IPHONEOS_DEPLOYMENT_TARGET = 26.5;
				LOCALIZATION_PREFERS_STRING_CATALOGS = YES;
				MTL_ENABLE_DEBUG_INFO = INCLUDE_SOURCE;
				MTL_FAST_MATH = YES;
				ONLY_ACTIVE_ARCH = YES;
				SDKROOT = iphoneos;
				SWIFT_ACTIVE_COMPILATION_CONDITIONS = "DEBUG $(inherited)";
				SWIFT_OPTIMIZATION_LEVEL = "-Onone";
			};
			name = Debug;
		};
		930147F9300850C9001299AE /* Release */ = {
			isa = XCBuildConfiguration;
			buildSettings = {
				ALWAYS_SEARCH_USER_PATHS = NO;
				ASSETCATALOG_COMPILER_GENERATE_SWIFT_ASSET_SYMBOL_EXTENSIONS = YES;
				CLANG_ANALYZER_NONNULL = YES;
				CLANG_ANALYZER_NUMBER_OBJECT_CONVERSION = YES_AGGRESSIVE;
				CLANG_CXX_LANGUAGE_STANDARD = "gnu++20";
				CLANG_ENABLE_MODULES = YES;
				CLANG_ENABLE_OBJC_ARC = YES;
				CLANG_ENABLE_OBJC_WEAK = YES;
				CLANG_WARN_BLOCK_CAPTURE_AUTORELEASING = YES;
				CLANG_WARN_BOOL_CONVERSION = YES;
				CLANG_WARN_COMMA = YES;
				CLANG_WARN_CONSTANT_CONVERSION = YES;
				CLANG_WARN_DEPRECATED_OBJC_IMPLEMENTATIONS = YES;
				CLANG_WARN_DIRECT_OBJC_ISA_USAGE = YES_ERROR;
				CLANG_WARN_DOCUMENTATION_COMMENTS = YES;
				CLANG_WARN_EMPTY_BODY = YES;
				CLANG_WARN_ENUM_CONVERSION = YES;
				CLANG_WARN_INFINITE_RECURSION = YES;
				CLANG_WARN_INT_CONVERSION = YES;
				CLANG_WARN_NON_LITERAL_NULL_CONVERSION = YES;
				CLANG_WARN_OBJC_IMPLICIT_RETAIN_SELF = YES;
				CLANG_WARN_OBJC_LITERAL_CONVERSION = YES;
				CLANG_WARN_OBJC_ROOT_CLASS = YES_ERROR;
				CLANG_WARN_QUOTED_INCLUDE_IN_FRAMEWORK_HEADER = YES;
				CLANG_WARN_RANGE_LOOP_ANALYSIS = YES;
				CLANG_WARN_STRICT_PROTOTYPES = YES;
				CLANG_WARN_SUSPICIOUS_MOVE = YES;
				CLANG_WARN_UNGUARDED_AVAILABILITY = YES_AGGRESSIVE;
				CLANG_WARN_UNREACHABLE_CODE = YES;
				CLANG_WARN__DUPLICATE_METHOD_MATCH = YES;
				COPY_PHASE_STRIP = NO;
				DEBUG_INFORMATION_FORMAT = "dwarf-with-dsym";
				ENABLE_NS_ASSERTIONS = NO;
				ENABLE_STRICT_OBJC_MSGSEND = YES;
				ENABLE_USER_SCRIPT_SANDBOXING = YES;
				GCC_C_LANGUAGE_STANDARD = gnu17;
				GCC_NO_COMMON_BLOCKS = YES;
				GCC_WARN_64_TO_32_BIT_CONVERSION = YES;
				GCC_WARN_ABOUT_RETURN_TYPE = YES_ERROR;
				GCC_WARN_UNDECLARED_SELECTOR = YES;
				GCC_WARN_UNINITIALIZED_AUTOS = YES_AGGRESSIVE;
				GCC_WARN_UNUSED_FUNCTION = YES;
				GCC_WARN_UNUSED_VARIABLE = YES;
				IPHONEOS_DEPLOYMENT_TARGET = 26.5;
				LOCALIZATION_PREFERS_STRING_CATALOGS = YES;
				MTL_ENABLE_DEBUG_INFO = NO;
				MTL_FAST_MATH = YES;
				SDKROOT = iphoneos;
				SWIFT_COMPILATION_MODE = wholemodule;
				VALIDATE_PRODUCT = YES;
			};
			name = Release;
		};
		930147FB300850C9001299AE /* Debug */ = {
			isa = XCBuildConfiguration;
			buildSettings = {
				ASSETCATALOG_COMPILER_APPICON_NAME = AppIcon;
				ASSETCATALOG_COMPILER_GLOBAL_ACCENT_COLOR_NAME = AccentColor;
				CODE_SIGN_STYLE = Automatic;
				CURRENT_PROJECT_VERSION = 1;
				DEVELOPMENT_TEAM = 4WWSU6D3MF;
				ENABLE_PREVIEWS = YES;
				GENERATE_INFOPLIST_FILE = YES;
				INFOPLIST_FILE = speedvolume/Info.plist;
				INFOPLIST_KEY_NSLocationWhenInUseUsageDescription = "O app usa sua localização para medir a velocidade atual.";
				INFOPLIST_KEY_UIApplicationSceneManifest_Generation = YES;
				INFOPLIST_KEY_UIApplicationSupportsIndirectInputEvents = YES;
				INFOPLIST_KEY_UILaunchScreen_Generation = YES;
				INFOPLIST_KEY_UISupportedInterfaceOrientations_iPad = "UIInterfaceOrientationPortrait UIInterfaceOrientationPortraitUpsideDown UIInterfaceOrientationLandscapeLeft UIInterfaceOrientationLandscapeRight";
				INFOPLIST_KEY_UISupportedInterfaceOrientations_iPhone = "UIInterfaceOrientationPortrait UIInterfaceOrientationLandscapeLeft UIInterfaceOrientationLandscapeRight";
				LD_RUNPATH_SEARCH_PATHS = (
					"$(inherited)",
					"@executable_path/Frameworks",
				);
				MARKETING_VERSION = 1.0;
				PRODUCT_BUNDLE_IDENTIFIER = saadbruno.speedvolume;
				PRODUCT_NAME = "$(TARGET_NAME)";
				STRING_CATALOG_GENERATE_SYMBOLS = YES;
				SWIFT_APPROACHABLE_CONCURRENCY = YES;
				SWIFT_DEFAULT_ACTOR_ISOLATION = MainActor;
				SWIFT_EMIT_LOC_STRINGS = YES;
				SWIFT_UPCOMING_FEATURE_MEMBER_IMPORT_VISIBILITY = YES;
				SWIFT_VERSION = 5.0;
				TARGETED_DEVICE_FAMILY = "1,2";
			};
			name = Debug;
		};
		930147FC300850C9001299AE /* Release */ = {
			isa = XCBuildConfiguration;
			buildSettings = {
				ASSETCATALOG_COMPILER_APPICON_NAME = AppIcon;
				ASSETCATALOG_COMPILER_GLOBAL_ACCENT_COLOR_NAME = AccentColor;
				CODE_SIGN_STYLE = Automatic;
				CURRENT_PROJECT_VERSION = 1;
				DEVELOPMENT_TEAM = 4WWSU6D3MF;
				ENABLE_PREVIEWS = YES;
				GENERATE_INFOPLIST_FILE = YES;
				INFOPLIST_FILE = speedvolume/Info.plist;
				INFOPLIST_KEY_NSLocationWhenInUseUsageDescription = "O app usa sua localização para medir a velocidade atual.";
				INFOPLIST_KEY_UIApplicationSceneManifest_Generation = YES;
				INFOPLIST_KEY_UIApplicationSupportsIndirectInputEvents = YES;
				INFOPLIST_KEY_UILaunchScreen_Generation = YES;
				INFOPLIST_KEY_UISupportedInterfaceOrientations_iPad = "UIInterfaceOrientationPortrait UIInterfaceOrientationPortraitUpsideDown UIInterfaceOrientationLandscapeLeft UIInterfaceOrientationLandscapeRight";
				INFOPLIST_KEY_UISupportedInterfaceOrientations_iPhone = "UIInterfaceOrientationPortrait UIInterfaceOrientationLandscapeLeft UIInterfaceOrientationLandscapeRight";
				LD_RUNPATH_SEARCH_PATHS = (
					"$(inherited)",
					"@executable_path/Frameworks",
				);
				MARKETING_VERSION = 1.0;
				PRODUCT_BUNDLE_IDENTIFIER = saadbruno.speedvolume;
				PRODUCT_NAME = "$(TARGET_NAME)";
				STRING_CATALOG_GENERATE_SYMBOLS = YES;
				SWIFT_APPROACHABLE_CONCURRENCY = YES;
				SWIFT_DEFAULT_ACTOR_ISOLATION = MainActor;
				SWIFT_EMIT_LOC_STRINGS = YES;
				SWIFT_UPCOMING_FEATURE_MEMBER_IMPORT_VISIBILITY = YES;
				SWIFT_VERSION = 5.0;
				TARGETED_DEVICE_FAMILY = "1,2";
			};
			name = Release;
		};
		930147FE300850C9001299AE /* Debug */ = {
			isa = XCBuildConfiguration;
			buildSettings = {
				BUNDLE_LOADER = "$(TEST_HOST)";
				CODE_SIGN_STYLE = Automatic;
				CURRENT_PROJECT_VERSION = 1;
				GENERATE_INFOPLIST_FILE = YES;
				IPHONEOS_DEPLOYMENT_TARGET = 26.5;
				MARKETING_VERSION = 1.0;
				PRODUCT_BUNDLE_IDENTIFIER = saadbruno.speedvolumeTests;
				PRODUCT_NAME = "$(TARGET_NAME)";
				STRING_CATALOG_GENERATE_SYMBOLS = NO;
				SWIFT_APPROACHABLE_CONCURRENCY = YES;
				SWIFT_EMIT_LOC_STRINGS = NO;
				SWIFT_UPCOMING_FEATURE_MEMBER_IMPORT_VISIBILITY = YES;
				SWIFT_VERSION = 5.0;
				TARGETED_DEVICE_FAMILY = "1,2";
				TEST_HOST = "$(BUILT_PRODUCTS_DIR)/speedvolume.app/$(BUNDLE_EXECUTABLE_FOLDER_PATH)/speedvolume";
			};
			name = Debug;
		};
		930147FF300850C9001299AE /* Release */ = {
			isa = XCBuildConfiguration;
			buildSettings = {
				BUNDLE_LOADER = "$(TEST_HOST)";
				CODE_SIGN_STYLE = Automatic;
				CURRENT_PROJECT_VERSION = 1;
				GENERATE_INFOPLIST_FILE = YES;
				IPHONEOS_DEPLOYMENT_TARGET = 26.5;
				MARKETING_VERSION = 1.0;
				PRODUCT_BUNDLE_IDENTIFIER = saadbruno.speedvolumeTests;
				PRODUCT_NAME = "$(TARGET_NAME)";
				STRING_CATALOG_GENERATE_SYMBOLS = NO;
				SWIFT_APPROACHABLE_CONCURRENCY = YES;
				SWIFT_EMIT_LOC_STRINGS = NO;
				SWIFT_UPCOMING_FEATURE_MEMBER_IMPORT_VISIBILITY = YES;
				SWIFT_VERSION = 5.0;
				TARGETED_DEVICE_FAMILY = "1,2";
				TEST_HOST = "$(BUILT_PRODUCTS_DIR)/speedvolume.app/$(BUNDLE_EXECUTABLE_FOLDER_PATH)/speedvolume";
			};
			name = Release;
		};
		93014801300850C9001299AE /* Debug */ = {
			isa = XCBuildConfiguration;
			buildSettings = {
				CODE_SIGN_STYLE = Automatic;
				CURRENT_PROJECT_VERSION = 1;
				GENERATE_INFOPLIST_FILE = YES;
				MARKETING_VERSION = 1.0;
				PRODUCT_BUNDLE_IDENTIFIER = saadbruno.speedvolumeUITests;
				PRODUCT_NAME = "$(TARGET_NAME)";
				STRING_CATALOG_GENERATE_SYMBOLS = NO;
				SWIFT_APPROACHABLE_CONCURRENCY = YES;
				SWIFT_EMIT_LOC_STRINGS = NO;
				SWIFT_UPCOMING_FEATURE_MEMBER_IMPORT_VISIBILITY = YES;
				SWIFT_VERSION = 5.0;
				TARGETED_DEVICE_FAMILY = "1,2";
				TEST_TARGET_NAME = speedvolume;
			};
			name = Debug;
		};
		93014802300850C9001299AE /* Release */ = {
			isa = XCBuildConfiguration;
			buildSettings = {
				CODE_SIGN_STYLE = Automatic;
				CURRENT_PROJECT_VERSION = 1;
				GENERATE_INFOPLIST_FILE = YES;
				MARKETING_VERSION = 1.0;
				PRODUCT_BUNDLE_IDENTIFIER = saadbruno.speedvolumeUITests;
				PRODUCT_NAME = "$(TARGET_NAME)";
				STRING_CATALOG_GENERATE_SYMBOLS = NO;
				SWIFT_APPROACHABLE_CONCURRENCY = YES;
				SWIFT_EMIT_LOC_STRINGS = NO;
				SWIFT_UPCOMING_FEATURE_MEMBER_IMPORT_VISIBILITY = YES;
				SWIFT_VERSION = 5.0;
				TARGETED_DEVICE_FAMILY = "1,2";
				TEST_TARGET_NAME = speedvolume;
			};
			name = Release;
		};
		935BCF23301C2A0600759D5B /* Debug */ = {
			isa = XCBuildConfiguration;
			buildSettings = {
				ASSETCATALOG_COMPILER_GLOBAL_ACCENT_COLOR_NAME = AccentColor;
				ASSETCATALOG_COMPILER_WIDGET_BACKGROUND_COLOR_NAME = WidgetBackground;
				CODE_SIGN_STYLE = Automatic;
				CURRENT_PROJECT_VERSION = 1;
				DEVELOPMENT_TEAM = 4WWSU6D3MF;
				GENERATE_INFOPLIST_FILE = YES;
				INFOPLIST_FILE = speedvolumeLiveActivity/Info.plist;
				INFOPLIST_KEY_CFBundleDisplayName = speedvolumeLiveActivity;
				INFOPLIST_KEY_NSHumanReadableCopyright = "";
				LD_RUNPATH_SEARCH_PATHS = (
					"$(inherited)",
					"@executable_path/Frameworks",
					"@executable_path/../../Frameworks",
				);
				MARKETING_VERSION = 1.0;
				PRODUCT_BUNDLE_IDENTIFIER = saadbruno.speedvolume.speedvolumeLiveActivity;
				PRODUCT_NAME = "$(TARGET_NAME)";
				SKIP_INSTALL = YES;
				STRING_CATALOG_GENERATE_SYMBOLS = YES;
				SWIFT_APPROACHABLE_CONCURRENCY = YES;
				SWIFT_EMIT_LOC_STRINGS = YES;
				SWIFT_UPCOMING_FEATURE_MEMBER_IMPORT_VISIBILITY = YES;
				SWIFT_VERSION = 5.0;
				TARGETED_DEVICE_FAMILY = "1,2";
			};
			name = Debug;
		};
		935BCF24301C2A0600759D5B /* Release */ = {
			isa = XCBuildConfiguration;
			buildSettings = {
				ASSETCATALOG_COMPILER_GLOBAL_ACCENT_COLOR_NAME = AccentColor;
				ASSETCATALOG_COMPILER_WIDGET_BACKGROUND_COLOR_NAME = WidgetBackground;
				CODE_SIGN_STYLE = Automatic;
				CURRENT_PROJECT_VERSION = 1;
				DEVELOPMENT_TEAM = 4WWSU6D3MF;
				GENERATE_INFOPLIST_FILE = YES;
				INFOPLIST_FILE = speedvolumeLiveActivity/Info.plist;
				INFOPLIST_KEY_CFBundleDisplayName = speedvolumeLiveActivity;
				INFOPLIST_KEY_NSHumanReadableCopyright = "";
				LD_RUNPATH_SEARCH_PATHS = (
					"$(inherited)",
					"@executable_path/Frameworks",
					"@executable_path/../../Frameworks",
				);
				MARKETING_VERSION = 1.0;
				PRODUCT_BUNDLE_IDENTIFIER = saadbruno.speedvolume.speedvolumeLiveActivity;
				PRODUCT_NAME = "$(TARGET_NAME)";
				SKIP_INSTALL = YES;
				STRING_CATALOG_GENERATE_SYMBOLS = YES;
				SWIFT_APPROACHABLE_CONCURRENCY = YES;
				SWIFT_EMIT_LOC_STRINGS = YES;
				SWIFT_UPCOMING_FEATURE_MEMBER_IMPORT_VISIBILITY = YES;
				SWIFT_VERSION = 5.0;
				TARGETED_DEVICE_FAMILY = "1,2";
			};
			name = Release;
		};
/* End XCBuildConfiguration section */

/* Begin XCConfigurationList section */
		930147D2300850C7001299AE /* Build configuration list for PBXProject "speedvolume" */ = {
			isa = XCConfigurationList;
			buildConfigurations = (
				930147F8300850C9001299AE /* Debug */,
				930147F9300850C9001299AE /* Release */,
			);
			defaultConfigurationIsVisible = 0;
			defaultConfigurationName = Release;
		};
		930147FA300850C9001299AE /* Build configuration list for PBXNativeTarget "speedvolume" */ = {
			isa = XCConfigurationList;
			buildConfigurations = (
				930147FB300850C9001299AE /* Debug */,
				930147FC300850C9001299AE /* Release */,
			);
			defaultConfigurationIsVisible = 0;
			defaultConfigurationName = Release;
		};
		930147FD300850C9001299AE /* Build configuration list for PBXNativeTarget "speedvolumeTests" */ = {
			isa = XCConfigurationList;
			buildConfigurations = (
				930147FE300850C9001299AE /* Debug */,
				930147FF300850C9001299AE /* Release */,
			);
			defaultConfigurationIsVisible = 0;
			defaultConfigurationName = Release;
		};
		93014800300850C9001299AE /* Build configuration list for PBXNativeTarget "speedvolumeUITests" */ = {
			isa = XCConfigurationList;
			buildConfigurations = (
				93014801300850C9001299AE /* Debug */,
				93014802300850C9001299AE /* Release */,
			);
			defaultConfigurationIsVisible = 0;
			defaultConfigurationName = Release;
		};
		935BCF22301C2A0600759D5B /* Build configuration list for PBXNativeTarget "speedvolumeLiveActivityExtension" */ = {
			isa = XCConfigurationList;
			buildConfigurations = (
				935BCF23301C2A0600759D5B /* Debug */,
				935BCF24301C2A0600759D5B /* Release */,
			);
			defaultConfigurationIsVisible = 0;
			defaultConfigurationName = Release;
		};
/* End XCConfigurationList section */
	};
	rootObject = 930147CF300850C7001299AE /* Project object */;
}
